
Microsoft Visual Studio Solution File, Format Version 12.00
# Visual Studio 15
Project("{FAE04EC0-301F-11D3-BF4B-00C04F79EFBC}") = "UnityEngine.TestRunner", "UnityEngine.TestRunner.csproj", "{880D1695-0041-F560-F612-028312547409}"
EndProject
Project("{FAE04EC0-301F-11D3-BF4B-00C04F79EFBC}") = "Unity.Timeline", "Unity.Timeline.csproj", "{3E0C2A44-0991-B91E-269B-E5EA16D7BF09}"
EndProject
Project("{FAE04EC0-301F-11D3-BF4B-00C04F79EFBC}") = "UnityEngine.UI", "UnityEngine.UI.csproj", "{C9ABA623-7589-1FD4-5B7E-0FAD78FD6473}"
EndProject
Project("{FAE04EC0-301F-11D3-BF4B-00C04F79EFBC}") = "Unity.TextMeshPro", "Unity.TextMeshPro.csproj", "{CD2187BC-315D-8BDF-4BAE-0F933E74D9A1}"
EndProject
Project("{FAE04EC0-301F-11D3-BF4B-00C04F79EFBC}") = "Assembly-CSharp", "Assembly-CSharp.csproj", "{BA5646BF-2B3E-5003-24A3-855844F68B8D}"
EndProject
Project("{FAE04EC0-301F-11D3-BF4B-00C04F79EFBC}") = "UnityEditor.TestRunner", "UnityEditor.TestRunner.csproj", "{E3DE3F9D-5843-3080-ECB7-E91DE316253E}"
EndProject
Project("{FAE04EC0-301F-11D3-BF4B-00C04F79EFBC}") = "Unity.PlasticSCM.Editor", "Unity.PlasticSCM.Editor.csproj", "{FFD2F9A4-F612-1AA1-266D-466B4E8C44ED}"
EndProject
Project("{FAE04EC0-301F-11D3-BF4B-00C04F79EFBC}") = "UnityEditor.UI", "UnityEditor.UI.csproj", "{0E70471F-5377-D670-684F-1CE27DBE1184}"
EndProject
Project("{FAE04EC0-301F-11D3-BF4B-00C04F79EFBC}") = "Unity.Timeline.Editor", "Unity.Timeline.Editor.csproj", "{F2B0F4BA-011E-527E-C861-D0694D843A53}"
EndProject
Project("{FAE04EC0-301F-11D3-BF4B-00C04F79EFBC}") = "Unity.VisualStudio.Editor", "Unity.VisualStudio.Editor.csproj", "{37B6BC76-5AC6-A060-4B0B-B96337CD245E}"
EndProject
Project("{FAE04EC0-301F-11D3-BF4B-00C04F79EFBC}") = "Unity.TextMeshPro.Editor", "Unity.TextMeshPro.Editor.csproj", "{32E7B184-5093-96EB-A995-2B2232C69B2B}"
EndProject
Project("{FAE04EC0-301F-11D3-BF4B-00C04F79EFBC}") = "Unity.CollabProxy.Editor", "Unity.CollabProxy.Editor.csproj", "{3E6C202A-D085-EB11-AB0C-B25A1DB07A0C}"
EndProject
Project("{FAE04EC0-301F-11D3-BF4B-00C04F79EFBC}") = "Unity.Rider.Editor", "Unity.Rider.Editor.csproj", "{D5509435-76F0-6EE2-BA8A-0DA91AD6C2BE}"
EndProject
Project("{FAE04EC0-301F-11D3-BF4B-00C04F79EFBC}") = "Unity.VSCode.Editor", "Unity.VSCode.Editor.csproj", "{B504F976-2A57-91EA-3611-DA6E3897E51E}"
EndProject
Project("{FAE04EC0-301F-11D3-BF4B-00C04F79EFBC}") = "UnityEngine.TestRunner", "UnityEngine.TestRunner.Player.csproj", "{9448316D-F63C-2300-7FD6-A798679CF94F}"
EndProject
Project("{FAE04EC0-301F-11D3-BF4B-00C04F79EFBC}") = "Unity.Timeline", "Unity.Timeline.Player.csproj", "{88B823F0-7384-22D6-8A92-8528AA3C285A}"
EndProject
Project("{FAE04EC0-301F-11D3-BF4B-00C04F79EFBC}") = "UnityEngine.UI", "UnityEngine.UI.Player.csproj", "{47D501A1-49BE-8C7A-1D91-8F17CC65EB38}"
EndProject
Project("{FAE04EC0-301F-11D3-BF4B-00C04F79EFBC}") = "Unity.TextMeshPro", "Unity.TextMeshPro.Player.csproj", "{9E199845-539B-1F9E-8B4F-EEB5EC0CC7C8}"
EndProject
Project("{FAE04EC0-301F-11D3-BF4B-00C04F79EFBC}") = "Assembly-CSharp", "Assembly-CSharp.Player.csproj", "{C4D6B577-0517-CBCB-56F3-2D770932B857}"
EndProject
Global
	GlobalSection(SolutionConfigurationPlatforms) = preSolution
		Debug|Any CPU = Debug|Any CPU
		Release|Any CPU = Release|Any CPU
	EndGlobalSection
	GlobalSection(ProjectConfigurationPlatforms) = postSolution
		{880D1695-0041-F560-F612-028312547409}.Debug|Any CPU.ActiveCfg = Debug|Any CPU
		{880D1695-0041-F560-F612-028312547409}.Debug|Any CPU.Build.0 = Debug|Any CPU
		{880D1695-0041-F560-F612-028312547409}.Release|Any CPU.ActiveCfg = Release|Any CPU
		{880D1695-0041-F560-F612-028312547409}.Release|Any CPU.Build.0 = Release|Any CPU
		{3E0C2A44-0991-B91E-269B-E5EA16D7BF09}.Debug|Any CPU.ActiveCfg = Debug|Any CPU
		{3E0C2A44-0991-B91E-269B-E5EA16D7BF09}.Debug|Any CPU.Build.0 = Debug|Any CPU
		{3E0C2A44-0991-B91E-269B-E5EA16D7BF09}.Release|Any CPU.ActiveCfg = Release|Any CPU
		{3E0C2A44-0991-B91E-269B-E5EA16D7BF09}.Release|Any CPU.Build.0 = Release|Any CPU
		{C9ABA623-7589-1FD4-5B7E-0FAD78FD6473}.Debug|Any CPU.ActiveCfg = Debug|Any CPU
		{C9ABA623-7589-1FD4-5B7E-0FAD78FD6473}.Debug|Any CPU.Build.0 = Debug|Any CPU
		{C9ABA623-7589-1FD4-5B7E-0FAD78FD6473}.Release|Any CPU.ActiveCfg = Release|Any CPU
		{C9ABA623-7589-1FD4-5B7E-0FAD78FD6473}.Release|Any CPU.Build.0 = Release|Any CPU
		{CD2187BC-315D-8BDF-4BAE-0F933E74D9A1}.Debug|Any CPU.ActiveCfg = Debug|Any CPU
		{CD2187BC-315D-8BDF-4BAE-0F933E74D9A1}.Debug|Any CPU.Build.0 = Debug|Any CPU
		{CD2187BC-315D-8BDF-4BAE-0F933E74D9A1}.Release|Any CPU.ActiveCfg = Release|Any CPU
		{CD2187BC-315D-8BDF-4BAE-0F933E74D9A1}.Release|Any CPU.Build.0 = Release|Any CPU
		{BA5646BF-2B3E-5003-24A3-855844F68B8D}.Debug|Any CPU.ActiveCfg = Debug|Any CPU
		{BA5646BF-2B3E-5003-24A3-855844F68B8D}.Debug|Any CPU.Build.0 = Debug|Any CPU
		{BA5646BF-2B3E-5003-24A3-855844F68B8D}.Release|Any CPU.ActiveCfg = Release|Any CPU
		{BA5646BF-2B3E-5003-24A3-855844F68B8D}.Release|Any CPU.Build.0 = Release|Any CPU
		{E3DE3F9D-5843-3080-ECB7-E91DE316253E}.Debug|Any CPU.ActiveCfg = Debug|Any CPU
		{E3DE3F9D-5843-3080-ECB7-E91DE316253E}.Debug|Any CPU.Build.0 = Debug|Any CPU
		{E3DE3F9D-5843-3080-ECB7-E91DE316253E}.Release|Any CPU.ActiveCfg = Release|Any CPU
		{E3DE3F9D-5843-3080-ECB7-E91DE316253E}.Release|Any CPU.Build.0 = Release|Any CPU
		{FFD2F9A4-F612-1AA1-266D-466B4E8C44ED}.Debug|Any CPU.ActiveCfg = Debug|Any CPU
		{FFD2F9A4-F612-1AA1-266D-466B4E8C44ED}.Debug|Any CPU.Build.0 = Debug|Any CPU
		{FFD2F9A4-F612-1AA1-266D-466B4E8C44ED}.Release|Any CPU.ActiveCfg = Release|Any CPU
		{FFD2F9A4-F612-1AA1-266D-466B4E8C44ED}.Release|Any CPU.Build.0 = Release|Any CPU
		{0E70471F-5377-D670-684F-1CE27DBE1184}.Debug|Any CPU.ActiveCfg = Debug|Any CPU
		{0E70471F-5377-D670-684F-1CE27DBE1184}.Debug|Any CPU.Build.0 = Debug|Any CPU
		{0E70471F-5377-D670-684F-1CE27DBE1184}.Release|Any CPU.ActiveCfg = Release|Any CPU
		{0E70471F-5377-D670-684F-1CE27DBE1184}.Release|Any CPU.Build.0 = Release|Any CPU
		{F2B0F4BA-011E-527E-C861-D0694D843A53}.Debug|Any CPU.ActiveCfg = Debug|Any CPU
		{F2B0F4BA-011E-527E-C861-D0694D843A53}.Debug|Any CPU.Build.0 = Debug|Any CPU
		{F2B0F4BA-011E-527E-C861-D0694D843A53}.Release|Any CPU.ActiveCfg = Release|Any CPU
		{F2B0F4BA-011E-527E-C861-D0694D843A53}.Release|Any CPU.Build.0 = Release|Any CPU
		{37B6BC76-5AC6-A060-4B0B-B96337CD245E}.Debug|Any CPU.ActiveCfg = Debug|Any CPU
		{37B6BC76-5AC6-A060-4B0B-B96337CD245E}.Debug|Any CPU.Build.0 = Debug|Any CPU
		{37B6BC76-5AC6-A060-4B0B-B96337CD245E}.Release|Any CPU.ActiveCfg = Release|Any CPU
		{37B6BC76-5AC6-A060-4B0B-B96337CD245E}.Release|Any CPU.Build.0 = Release|Any CPU
		{32E7B184-5093-96EB-A995-2B2232C69B2B}.Debug|Any CPU.ActiveCfg = Debug|Any CPU
		{32E7B184-5093-96EB-A995-2B2232C69B2B}.Debug|Any CPU.Build.0 = Debug|Any CPU
		{32E7B184-5093-96EB-A995-2B2232C69B2B}.Release|Any CPU.ActiveCfg = Release|Any CPU
		{32E7B184-5093-96EB-A995-2B2232C69B2B}.Release|Any CPU.Build.0 = Release|Any CPU
		{3E6C202A-D085-EB11-AB0C-B25A1DB07A0C}.Debug|Any CPU.ActiveCfg = Debug|Any CPU
		{3E6C202A-D085-EB11-AB0C-B25A1DB07A0C}.Debug|Any CPU.Build.0 = Debug|Any CPU
		{3E6C202A-D085-EB11-AB0C-B25A1DB07A0C}.Release|Any CPU.ActiveCfg = Release|Any CPU
		{3E6C202A-D085-EB11-AB0C-B25A1DB07A0C}.Release|Any CPU.Build.0 = Release|Any CPU
		{D5509435-76F0-6EE2-BA8A-0DA91AD6C2BE}.Debug|Any CPU.ActiveCfg = Debug|Any CPU
		{D5509435-76F0-6EE2-BA8A-0DA91AD6C2BE}.Debug|Any CPU.Build.0 = Debug|Any CPU
		{D5509435-76F0-6EE2-BA8A-0DA91AD6C2BE}.Release|Any CPU.ActiveCfg = Release|Any CPU
		{D5509435-76F0-6EE2-BA8A-0DA91AD6C2BE}.Release|Any CPU.Build.0 = Release|Any CPU
		{B504F976-2A57-91EA-3611-DA6E3897E51E}.Debug|Any CPU.ActiveCfg = Debug|Any CPU
		{B504F976-2A57-91EA-3611-DA6E3897E51E}.Debug|Any CPU.Build.0 = Debug|Any CPU
		{B504F976-2A57-91EA-3611-DA6E3897E51E}.Release|Any CPU.ActiveCfg = Release|Any CPU
		{B504F976-2A57-91EA-3611-DA6E3897E51E}.Release|Any CPU.Build.0 = Release|Any CPU
		{9448316D-F63C-2300-7FD6-A798679CF94F}.Debug|Any CPU.ActiveCfg = Debug|Any CPU
		{9448316D-F63C-2300-7FD6-A798679CF94F}.Debug|Any CPU.Build.0 = Debug|Any CPU
		{9448316D-F63C-2300-7FD6-A798679CF94F}.Release|Any CPU.ActiveCfg = Release|Any CPU
		{9448316D-F63C-2300-7FD6-A798679CF94F}.Release|Any CPU.Build.0 = Release|Any CPU
		{88B823F0-7384-22D6-8A92-8528AA3C285A}.Debug|Any CPU.ActiveCfg = Debug|Any CPU
		{88B823F0-7384-22D6-8A92-8528AA3C285A}.Debug|Any CPU.Build.0 = Debug|Any CPU
		{88B823F0-7384-22D6-8A92-8528AA3C285A}.Release|Any CPU.ActiveCfg = Release|Any CPU
		{88B823F0-7384-22D6-8A92-8528AA3C285A}.Release|Any CPU.Build.0 = Release|Any CPU
		{47D501A1-49BE-8C7A-1D91-8F17CC65EB38}.Debug|Any CPU.ActiveCfg = Debug|Any CPU
		{47D501A1-49BE-8C7A-1D91-8F17CC65EB38}.Debug|Any CPU.Build.0 = Debug|Any CPU
		{47D501A1-49BE-8C7A-1D91-8F17CC65EB38}.Release|Any CPU.ActiveCfg = Release|Any CPU
		{47D501A1-49BE-8C7A-1D91-8F17CC65EB38}.Release|Any CPU.Build.0 = Release|Any CPU
		{9E199845-539B-1F9E-8B4F-EEB5EC0CC7C8}.Debug|Any CPU.ActiveCfg = Debug|Any CPU
		{9E199845-539B-1F9E-8B4F-EEB5EC0CC7C8}.Debug|Any CPU.Build.0 = Debug|Any CPU
		{9E199845-539B-1F9E-8B4F-EEB5EC0CC7C8}.Release|Any CPU.ActiveCfg = Release|Any CPU
		{9E199845-539B-1F9E-8B4F-EEB5EC0CC7C8}.Release|Any CPU.Build.0 = Release|Any CPU
		{C4D6B577-0517-CBCB-56F3-2D770932B857}.Debug|Any CPU.ActiveCfg = Debug|Any CPU
		{C4D6B577-0517-CBCB-56F3-2D770932B857}.Debug|Any CPU.Build.0 = Debug|Any CPU
		{C4D6B577-0517-CBCB-56F3-2D770932B857}.Release|Any CPU.ActiveCfg = Release|Any CPU
		{C4D6B577-0517-CBCB-56F3-2D770932B857}.Release|Any CPU.Build.0 = Release|Any CPU
	EndGlobalSection
	GlobalSection(SolutionProperties) = preSolution
		HideSolutionNode = FALSE
	EndGlobalSection
EndGlobal
